
Microsoft Visual Studio Solution File, Format Version 12.00
# Visual Studio 15
VisualStudioVersion = 15.0.26124.0
MinimumVisualStudioVersion = 15.0.26124.0
Project("{2150E333-8FDC-42A3-9474-1A3956D46DE8}") = "src", "src", "{D62D74B1-DF96-49F7-98BD-2A2F5344E567}"
EndProject
Project("{FAE04EC0-301F-11D3-BF4B-00C04F79EFBC}") = "Web", "src\Web\Web.csproj", "{12C2784F-DC7A-4921-993F-23BFE48A8AF0}"
EndProject
Project("{2150E333-8FDC-42A3-9474-1A3956D46DE8}") = "tests", "tests", "{741421AF-DBC0-4703-9F1F-3AED88F02A07}"
EndProject
Project("{FAE04EC0-301F-11D3-BF4B-00C04F79EFBC}") = "FunctionalTests", "tests\FunctionalTests\FunctionalTests.csproj", "{4A6ED456-121C-4FCC-BB9F-07F6E0B7C02A}"
EndProject
Project("{FAE04EC0-301F-11D3-BF4B-00C04F79EFBC}") = "IntegrationTests", "tests\IntegrationTests\IntegrationTests.csproj", "{5840D265-F043-47BC-87A2-2EC923ED79A4}"
EndProject
Project("{FAE04EC0-301F-11D3-BF4B-00C04F79EFBC}") = "UnitTests", "tests\UnitTests\UnitTests.csproj", "{B41246FE-70EE-48C3-93A5-D21A81948FA2}"
EndProject
Global
	GlobalSection(SolutionConfigurationPlatforms) = preSolution
		Debug|Any CPU = Debug|Any CPU
		Debug|x64 = Debug|x64
		Debug|x86 = Debug|x86
		Release|Any CPU = Release|Any CPU
		Release|x64 = Release|x64
		Release|x86 = Release|x86
	EndGlobalSection
	GlobalSection(SolutionProperties) = preSolution
		HideSolutionNode = FALSE
	EndGlobalSection
	GlobalSection(ProjectConfigurationPlatforms) = postSolution
		{12C2784F-DC7A-4921-993F-23BFE48A8AF0}.Debug|Any CPU.ActiveCfg = Debug|Any CPU
		{12C2784F-DC7A-4921-993F-23BFE48A8AF0}.Debug|Any CPU.Build.0 = Debug|Any CPU
		{12C2784F-DC7A-4921-993F-23BFE48A8AF0}.Debug|x64.ActiveCfg = Debug|Any CPU
		{12C2784F-DC7A-4921-993F-23BFE48A8AF0}.Debug|x64.Build.0 = Debug|Any CPU
		{12C2784F-DC7A-4921-993F-23BFE48A8AF0}.Debug|x86.ActiveCfg = Debug|Any CPU
		{12C2784F-DC7A-4921-993F-23BFE48A8AF0}.Debug|x86.Build.0 = Debug|Any CPU
		{12C2784F-DC7A-4921-993F-23BFE48A8AF0}.Release|Any CPU.ActiveCfg = Release|Any CPU
		{12C2784F-DC7A-4921-993F-23BFE48A8AF0}.Release|Any CPU.Build.0 = Release|Any CPU
		{12C2784F-DC7A-4921-993F-23BFE48A8AF0}.Release|x64.ActiveCfg = Release|Any CPU
		{12C2784F-DC7A-4921-993F-23BFE48A8AF0}.Release|x64.Build.0 = Release|Any CPU
		{12C2784F-DC7A-4921-993F-23BFE48A8AF0}.Release|x86.ActiveCfg = Release|Any CPU
		{12C2784F-DC7A-4921-993F-23BFE48A8AF0}.Release|x86.Build.0 = Release|Any CPU
		{4A6ED456-121C-4FCC-BB9F-07F6E0B7C02A}.Debug|Any CPU.ActiveCfg = Debug|Any CPU
		{4A6ED456-121C-4FCC-BB9F-07F6E0B7C02A}.Debug|Any CPU.Build.0 = Debug|Any CPU
		{4A6ED456-121C-4FCC-BB9F-07F6E0B7C02A}.Debug|x64.ActiveCfg = Debug|Any CPU
		{4A6ED456-121C-4FCC-BB9F-07F6E0B7C02A}.Debug|x64.Build.0 = Debug|Any CPU
		{4A6ED456-121C-4FCC-BB9F-07F6E0B7C02A}.Debug|x86.ActiveCfg = Debug|Any CPU
		{4A6ED456-121C-4FCC-BB9F-07F6E0B7C02A}.Debug|x86.Build.0 = Debug|Any CPU
		{4A6ED456-121C-4FCC-BB9F-07F6E0B7C02A}.Release|Any CPU.ActiveCfg = Release|Any CPU
		{4A6ED456-121C-4FCC-BB9F-07F6E0B7C02A}.Release|Any CPU.Build.0 = Release|Any CPU
		{4A6ED456-121C-4FCC-BB9F-07F6E0B7C02A}.Release|x64.ActiveCfg = Release|Any CPU
		{4A6ED456-121C-4FCC-BB9F-07F6E0B7C02A}.Release|x64.Build.0 = Release|Any CPU
		{4A6ED456-121C-4FCC-BB9F-07F6E0B7C02A}.Release|x86.ActiveCfg = Release|Any CPU
		{4A6ED456-121C-4FCC-BB9F-07F6E0B7C02A}.Release|x86.Build.0 = Release|Any CPU
		{5840D265-F043-47BC-87A2-2EC923ED79A4}.Debug|Any CPU.ActiveCfg = Debug|Any CPU
		{5840D265-F043-47BC-87A2-2EC923ED79A4}.Debug|Any CPU.Build.0 = Debug|Any CPU
		{5840D265-F043-47BC-87A2-2EC923ED79A4}.Debug|x64.ActiveCfg = Debug|Any CPU
		{5840D265-F043-47BC-87A2-2EC923ED79A4}.Debug|x64.Build.0 = Debug|Any CPU
		{5840D265-F043-47BC-87A2-2EC923ED79A4}.Debug|x86.ActiveCfg = Debug|Any CPU
		{5840D265-F043-47BC-87A2-2EC923ED79A4}.Debug|x86.Build.0 = Debug|Any CPU
		{5840D265-F043-47BC-87A2-2EC923ED79A4}.Release|Any CPU.ActiveCfg = Release|Any CPU
		{5840D265-F043-47BC-87A2-2EC923ED79A4}.Release|Any CPU.Build.0 = Release|Any CPU
		{5840D265-F043-47BC-87A2-2EC923ED79A4}.Release|x64.ActiveCfg = Release|Any CPU
		{5840D265-F043-47BC-87A2-2EC923ED79A4}.Release|x64.Build.0 = Release|Any CPU
		{5840D265-F043-47BC-87A2-2EC923ED79A4}.Release|x86.ActiveCfg = Release|Any CPU
		{5840D265-F043-47BC-87A2-2EC923ED79A4}.Release|x86.Build.0 = Release|Any CPU
		{B41246FE-70EE-48C3-93A5-D21A81948FA2}.Debug|Any CPU.ActiveCfg = Debug|Any CPU
		{B41246FE-70EE-48C3-93A5-D21A81948FA2}.Debug|Any CPU.Build.0 = Debug|Any CPU
		{B41246FE-70EE-48C3-93A5-D21A81948FA2}.Debug|x64.ActiveCfg = Debug|Any CPU
		{B41246FE-70EE-48C3-93A5-D21A81948FA2}.Debug|x64.Build.0 = Debug|Any CPU
		{B41246FE-70EE-48C3-93A5-D21A81948FA2}.Debug|x86.ActiveCfg = Debug|Any CPU
		{B41246FE-70EE-48C3-93A5-D21A81948FA2}.Debug|x86.Build.0 = Debug|Any CPU
		{B41246FE-70EE-48C3-93A5-D21A81948FA2}.Release|Any CPU.ActiveCfg = Release|Any CPU
		{B41246FE-70EE-48C3-93A5-D21A81948FA2}.Release|Any CPU.Build.0 = Release|Any CPU
		{B41246FE-70EE-48C3-93A5-D21A81948FA2}.Release|x64.ActiveCfg = Release|Any CPU
		{B41246FE-70EE-48C3-93A5-D21A81948FA2}.Release|x64.Build.0 = Release|Any CPU
		{B41246FE-70EE-48C3-93A5-D21A81948FA2}.Release|x86.ActiveCfg = Release|Any CPU
		{B41246FE-70EE-48C3-93A5-D21A81948FA2}.Release|x86.Build.0 = Release|Any CPU
	EndGlobalSection
	GlobalSection(NestedProjects) = preSolution
		{12C2784F-DC7A-4921-993F-23BFE48A8AF0} = {D62D74B1-DF96-49F7-98BD-2A2F5344E567}
		{4A6ED456-121C-4FCC-BB9F-07F6E0B7C02A} = {741421AF-DBC0-4703-9F1F-3AED88F02A07}
		{5840D265-F043-47BC-87A2-2EC923ED79A4} = {741421AF-DBC0-4703-9F1F-3AED88F02A07}
		{B41246FE-70EE-48C3-93A5-D21A81948FA2} = {741421AF-DBC0-4703-9F1F-3AED88F02A07}
	EndGlobalSection
EndGlobal
